Microsoft Visual Studio Solution File, Format Version 12.00
# Visual Studio Version 17
VisualStudioVersion = 17.5.2.0
MinimumVisualStudioVersion = 10.0.40219.1
Project("{FAE04EC0-301F-11D3-BF4B-00C04F79EFBC}") = "03Lab-kolpakov", "03Lab-kolpakov.csproj", "{4AFD23DA-1D67-79D7-D390-FE94C7C16738}"
EndProject
Global
	GlobalSection(SolutionConfigurationPlatforms) = preSolution
		Debug|Any CPU = Debug|Any CPU
		Release|Any CPU = Release|Any CPU
	EndGlobalSection
	GlobalSection(ProjectConfigurationPlatforms) = postSolution
		{4AFD23DA-1D67-79D7-D390-FE94C7C16738}.Debug|Any CPU.ActiveCfg = Debug|Any CPU
		{4AFD23DA-1D67-79D7-D390-FE94C7C16738}.Debug|Any CPU.Build.0 = Debug|Any CPU
		{4AFD23DA-1D67-79D7-D390-FE94C7C16738}.Release|Any CPU.ActiveCfg = Release|Any CPU
		{4AFD23DA-1D67-79D7-D390-FE94C7C16738}.Release|Any CPU.Build.0 = Release|Any CPU
	EndGlobalSection
	GlobalSection(SolutionProperties) = preSolution
		HideSolutionNode = FALSE
	EndGlobalSection
	GlobalSection(ExtensibilityGlobals) = postSolution
		SolutionGuid = {CCA28F5E-A23E-419E-8B5B-DC9C6A814AF3}
	EndGlobalSection
EndGlobal
